
Microsoft Visual Studio Solution File, Format Version 12.00
# Visual Studio Version 17
VisualStudioVersion = 17.14.36414.22 d17.14
MinimumVisualStudioVersion = 10.0.40219.1
Project("{FAE04EC0-301F-11D3-BF4B-00C04F79EFBC}") = "AuthorsBooksApp", "AuthorsBooksApp.csproj", "{2D2DF3CA-5B76-468D-9949-72313A76A482}"
EndProject
Global
	GlobalSection(SolutionConfigurationPlatforms) = preSolution
		Debug|Any CPU = Debug|Any CPU
		Release|Any CPU = Release|Any CPU
	EndGlobalSection
	GlobalSection(ProjectConfigurationPlatforms) = postSolution
		{2D2DF3CA-5B76-468D-9949-72313A76A482}.Debug|Any CPU.ActiveCfg = Debug|Any CPU
		{2D2DF3CA-5B76-468D-9949-72313A76A482}.Debug|Any CPU.Build.0 = Debug|Any CPU
		{2D2DF3CA-5B76-468D-9949-72313A76A482}.Release|Any CPU.ActiveCfg = Release|Any CPU
		{2D2DF3CA-5B76-468D-9949-72313A76A482}.Release|Any CPU.Build.0 = Release|Any CPU
	EndGlobalSection
	GlobalSection(SolutionProperties) = preSolution
		HideSolutionNode = FALSE
	EndGlobalSection
	GlobalSection(ExtensibilityGlobals) = postSolution
		SolutionGuid = {D31DCED6-2BF1-432E-A35D-E828D83B4E87}
	EndGlobalSection
EndGlobal
